
Microsoft Visual Studio Solution File, Format Version 12.00
# Visual Studio Version 16
VisualStudioVersion = 16.0.30611.23
MinimumVisualStudioVersion = 10.0.40219.1
Project("{FAE04EC0-301F-11D3-BF4B-00C04F79EFBC}") = "Web", "Web\Web.csproj", "{BD032C8C-B81C-4906-9078-04A60C711191}"
EndProject
Global
	GlobalSection(SolutionConfigurationPlatforms) = preSolution
		Debug|Any CPU = Debug|Any CPU
		Release|Any CPU = Release|Any CPU
	EndGlobalSection
	GlobalSection(ProjectConfigurationPlatforms) = postSolution
		{BD032C8C-B81C-4906-9078-04A60C711191}.Debug|Any CPU.ActiveCfg = Debug|Any CPU
		{BD032C8C-B81C-4906-9078-04A60C711191}.Debug|Any CPU.Build.0 = Debug|Any CPU
		{BD032C8C-B81C-4906-9078-04A60C711191}.Release|Any CPU.ActiveCfg = Release|Any CPU
		{BD032C8C-B81C-4906-9078-04A60C711191}.Release|Any CPU.Build.0 = Release|Any CPU
	EndGlobalSection
	GlobalSection(SolutionProperties) = preSolution
		HideSolutionNode = FALSE
	EndGlobalSection
	GlobalSection(ExtensibilityGlobals) = postSolution
		SolutionGuid = {ACC44B35-6166-4C11-B02B-897BEFB9709B}
	EndGlobalSection
EndGlobal
